
Microsoft Visual Studio Solution File, Format Version 12.00
# Visual Studio Version 16
VisualStudioVersion = 16.0.30225.117
MinimumVisualStudioVersion = 10.0.40219.1
Project("{FAE04EC0-301F-11D3-BF4B-00C04F79EFBC}") = "VideoRentalManagement", "VideoRentalManagement\VideoRentalManagement.csproj", "{8577FD95-256C-4B15-A9A3-FF5D01C8BB38}"
EndProject
Project("{FAE04EC0-301F-11D3-BF4B-00C04F79EFBC}") = "UnitTesting", "UnitTesting\UnitTesting.csproj", "{F152BA05-3D93-40CD-AF04-482E218E4802}"
EndProject
Global
	GlobalSection(SolutionConfigurationPlatforms) = preSolution
		Debug|Any CPU = Debug|Any CPU
		Release|Any CPU = Release|Any CPU
	EndGlobalSection
	GlobalSection(ProjectConfigurationPlatforms) = postSolution
		{8577FD95-256C-4B15-A9A3-FF5D01C8BB38}.Debug|Any CPU.ActiveCfg = Debug|Any CPU
		{8577FD95-256C-4B15-A9A3-FF5D01C8BB38}.Debug|Any CPU.Build.0 = Debug|Any CPU
		{8577FD95-256C-4B15-A9A3-FF5D01C8BB38}.Release|Any CPU.ActiveCfg = Release|Any CPU
		{8577FD95-256C-4B15-A9A3-FF5D01C8BB38}.Release|Any CPU.Build.0 = Release|Any CPU
		{F152BA05-3D93-40CD-AF04-482E218E4802}.Debug|Any CPU.ActiveCfg = Debug|Any CPU
		{F152BA05-3D93-40CD-AF04-482E218E4802}.Debug|Any CPU.Build.0 = Debug|Any CPU
		{F152BA05-3D93-40CD-AF04-482E218E4802}.Release|Any CPU.ActiveCfg = Release|Any CPU
		{F152BA05-3D93-40CD-AF04-482E218E4802}.Release|Any CPU.Build.0 = Release|Any CPU
	EndGlobalSection
	GlobalSection(SolutionProperties) = preSolution
		HideSolutionNode = FALSE
	EndGlobalSection
	GlobalSection(ExtensibilityGlobals) = postSolution
		SolutionGuid = {25A2BC06-7F6E-430B-A1A9-D61617A7CA2D}
	EndGlobalSection
EndGlobal
